
Microsoft Visual Studio Solution File, Format Version 12.00
# Visual Studio Version 17
VisualStudioVersion = 17.4.33213.308
MinimumVisualStudioVersion = 10.0.40219.1
Project("{FAE04EC0-301F-11D3-BF4B-00C04F79EFBC}") = "Avlokita_Sharma_Password", "Avlokita_Sharma_Password.csproj", "{4E3D33F8-D88F-43AA-BC65-5E8478601ABC}"
EndProject
Global
	GlobalSection(SolutionConfigurationPlatforms) = preSolution
		Debug|Any CPU = Debug|Any CPU
		Release|Any CPU = Release|Any CPU
	EndGlobalSection
	GlobalSection(ProjectConfigurationPlatforms) = postSolution
		{4E3D33F8-D88F-43AA-BC65-5E8478601ABC}.Debug|Any CPU.ActiveCfg = Debug|Any CPU
		{4E3D33F8-D88F-43AA-BC65-5E8478601ABC}.Debug|Any CPU.Build.0 = Debug|Any CPU
		{4E3D33F8-D88F-43AA-BC65-5E8478601ABC}.Release|Any CPU.ActiveCfg = Release|Any CPU
		{4E3D33F8-D88F-43AA-BC65-5E8478601ABC}.Release|Any CPU.Build.0 = Release|Any CPU
	EndGlobalSection
	GlobalSection(SolutionProperties) = preSolution
		HideSolutionNode = FALSE
	EndGlobalSection
	GlobalSection(ExtensibilityGlobals) = postSolution
		SolutionGuid = {B1CBDD75-9A73-4759-86A2-7470ED387C09}
	EndGlobalSection
EndGlobal
