
Microsoft Visual Studio Solution File, Format Version 12.00
# Visual Studio Version 17
VisualStudioVersion = 17.4.33213.308
MinimumVisualStudioVersion = 10.0.40219.1
Project("{FAE04EC0-301F-11D3-BF4B-00C04F79EFBC}") = "Avlokita_Sharma_Flight", "Avlokita_Sharma_Flight.csproj", "{4DFAB51C-E7A2-4893-A088-E163BB8E1A23}"
EndProject
Global
	GlobalSection(SolutionConfigurationPlatforms) = preSolution
		Debug|Any CPU = Debug|Any CPU
		Release|Any CPU = Release|Any CPU
	EndGlobalSection
	GlobalSection(ProjectConfigurationPlatforms) = postSolution
		{4DFAB51C-E7A2-4893-A088-E163BB8E1A23}.Debug|Any CPU.ActiveCfg = Debug|Any CPU
		{4DFAB51C-E7A2-4893-A088-E163BB8E1A23}.Debug|Any CPU.Build.0 = Debug|Any CPU
		{4DFAB51C-E7A2-4893-A088-E163BB8E1A23}.Release|Any CPU.ActiveCfg = Release|Any CPU
		{4DFAB51C-E7A2-4893-A088-E163BB8E1A23}.Release|Any CPU.Build.0 = Release|Any CPU
	EndGlobalSection
	GlobalSection(SolutionProperties) = preSolution
		HideSolutionNode = FALSE
	EndGlobalSection
	GlobalSection(ExtensibilityGlobals) = postSolution
		SolutionGuid = {D06326B5-B1D2-4581-A09D-E0CA98D3F1FE}
	EndGlobalSection
EndGlobal
