
Microsoft Visual Studio Solution File, Format Version 12.00
# Visual Studio Version 17
VisualStudioVersion = 17.4.33213.308
MinimumVisualStudioVersion = 10.0.40219.1
Project("{FAE04EC0-301F-11D3-BF4B-00C04F79EFBC}") = "Avlokita_Sharma_PictureBox", "Avlokita_Sharma_PictureBox.csproj", "{5D895253-0F45-4157-B5D5-E93767AC8FB0}"
EndProject
Global
	GlobalSection(SolutionConfigurationPlatforms) = preSolution
		Debug|Any CPU = Debug|Any CPU
		Release|Any CPU = Release|Any CPU
	EndGlobalSection
	GlobalSection(ProjectConfigurationPlatforms) = postSolution
		{5D895253-0F45-4157-B5D5-E93767AC8FB0}.Debug|Any CPU.ActiveCfg = Debug|Any CPU
		{5D895253-0F45-4157-B5D5-E93767AC8FB0}.Debug|Any CPU.Build.0 = Debug|Any CPU
		{5D895253-0F45-4157-B5D5-E93767AC8FB0}.Release|Any CPU.ActiveCfg = Release|Any CPU
		{5D895253-0F45-4157-B5D5-E93767AC8FB0}.Release|Any CPU.Build.0 = Release|Any CPU
	EndGlobalSection
	GlobalSection(SolutionProperties) = preSolution
		HideSolutionNode = FALSE
	EndGlobalSection
	GlobalSection(ExtensibilityGlobals) = postSolution
		SolutionGuid = {15DD200F-E6C5-4398-BD91-C30D1AB0B900}
	EndGlobalSection
EndGlobal
